
Microsoft Visual Studio Solution File, Format Version 12.00
# Visual Studio Version 17
VisualStudioVersion = 17.8.34309.116
MinimumVisualStudioVersion = 10.0.40219.1
Project("{FAE04EC0-301F-11D3-BF4B-00C04F79EFBC}") = "Cristache_Ana_Lab2", "Cristache_Ana_Lab2.csproj", "{05BAF1AC-C513-4D13-8A1D-3E0BDB319A64}"
EndProject
Global
	GlobalSection(SolutionConfigurationPlatforms) = preSolution
		Debug|Any CPU = Debug|Any CPU
		Release|Any CPU = Release|Any CPU
	EndGlobalSection
	GlobalSection(ProjectConfigurationPlatforms) = postSolution
		{05BAF1AC-C513-4D13-8A1D-3E0BDB319A64}.Debug|Any CPU.ActiveCfg = Debug|Any CPU
		{05BAF1AC-C513-4D13-8A1D-3E0BDB319A64}.Debug|Any CPU.Build.0 = Debug|Any CPU
		{05BAF1AC-C513-4D13-8A1D-3E0BDB319A64}.Release|Any CPU.ActiveCfg = Release|Any CPU
		{05BAF1AC-C513-4D13-8A1D-3E0BDB319A64}.Release|Any CPU.Build.0 = Release|Any CPU
	EndGlobalSection
	GlobalSection(SolutionProperties) = preSolution
		HideSolutionNode = FALSE
	EndGlobalSection
	GlobalSection(ExtensibilityGlobals) = postSolution
		SolutionGuid = {D65BB31C-4481-4504-B50E-90D21EE1855A}
	EndGlobalSection
EndGlobal
